
Microsoft Visual Studio Solution File, Format Version 12.00
# Visual Studio Version 17
VisualStudioVersion = 17.5.002.0
MinimumVisualStudioVersion = 10.0.40219.1
Project("{2150E333-8FDC-42A3-9474-1A3956D46DE8}") = "react", "react", "{9E11168B-F927-4BA6-8C9A-2A0C3B1680E7}"
EndProject
Project("{9A19103F-16F7-4668-BE54-9A1E7A4F7556}") = "TempCS", "react\TempCS\TempCS.csproj", "{CCAF0A5A-6B91-4A48-9B39-F431A212D5E9}"
EndProject
Global
	GlobalSection(SolutionConfigurationPlatforms) = preSolution
		Debug|Any CPU = Debug|Any CPU
		Release|Any CPU = Release|Any CPU
	EndGlobalSection
	GlobalSection(ProjectConfigurationPlatforms) = postSolution
		{CCAF0A5A-6B91-4A48-9B39-F431A212D5E9}.Debug|Any CPU.ActiveCfg = Debug|Any CPU
		{CCAF0A5A-6B91-4A48-9B39-F431A212D5E9}.Debug|Any CPU.Build.0 = Debug|Any CPU
		{CCAF0A5A-6B91-4A48-9B39-F431A212D5E9}.Release|Any CPU.ActiveCfg = Release|Any CPU
		{CCAF0A5A-6B91-4A48-9B39-F431A212D5E9}.Release|Any CPU.Build.0 = Release|Any CPU
	EndGlobalSection
	GlobalSection(SolutionProperties) = preSolution
		HideSolutionNode = FALSE
	EndGlobalSection
	GlobalSection(NestedProjects) = preSolution
		{CCAF0A5A-6B91-4A48-9B39-F431A212D5E9} = {9E11168B-F927-4BA6-8C9A-2A0C3B1680E7}
	EndGlobalSection
	GlobalSection(ExtensibilityGlobals) = postSolution
		SolutionGuid = {CFC5ECB3-5642-411E-90A3-E24014139B86}
	EndGlobalSection
EndGlobal
